
Microsoft Visual Studio Solution File, Format Version 12.00
# Visual Studio Version 16
VisualStudioVersion = 16.0.29609.76
MinimumVisualStudioVersion = 10.0.40219.1
Project("{9A19103F-16F7-4668-BE54-9A1E7A4F7556}") = "TorrentExtractor.Qbittorrent.ConsoleApp", "TorrentExtractor.Qbittorrent.ConsoleApp\TorrentExtractor.Qbittorrent.ConsoleApp.csproj", "{4D8D6AE4-D112-482D-9884-78483CEB9EBC}"
EndProject
Project("{9A19103F-16F7-4668-BE54-9A1E7A4F7556}") = "TorrentExtractor.Core", "TorrentExtractor.Core\TorrentExtractor.Core.csproj", "{A5CA3FB5-D34B-473C-AEC3-2CD93CB77472}"
EndProject
Project("{9A19103F-16F7-4668-BE54-9A1E7A4F7556}") = "TorrentExtractor.Domain", "TorrentExtractor.Domain\TorrentExtractor.Domain.csproj", "{0F805936-EB50-401D-8F9C-54F99638A75E}"
EndProject
Project("{2150E333-8FDC-42A3-9474-1A3956D46DE8}") = "tests", "tests", "{1B6FDD18-346A-4B07-B24A-F171AC5AA6E6}"
EndProject
Project("{9A19103F-16F7-4668-BE54-9A1E7A4F7556}") = "TorrentExtractor.Application", "TorrentExtractor.Application\TorrentExtractor.Application.csproj", "{ED013BDC-2E97-4050-8A4E-8E2DE951233C}"
EndProject
Project("{FAE04EC0-301F-11D3-BF4B-00C04F79EFBC}") = "TorrentExtractor.Domain.Tests", "TorrentExtractor.Domain.Tests\TorrentExtractor.Domain.Tests.csproj", "{48C3C988-0139-44AD-80CF-29138BA55F7B}"
EndProject
Global
	GlobalSection(SolutionConfigurationPlatforms) = preSolution
		Debug|Any CPU = Debug|Any CPU
		Release|Any CPU = Release|Any CPU
	EndGlobalSection
	GlobalSection(ProjectConfigurationPlatforms) = postSolution
		{4D8D6AE4-D112-482D-9884-78483CEB9EBC}.Debug|Any CPU.ActiveCfg = Debug|Any CPU
		{4D8D6AE4-D112-482D-9884-78483CEB9EBC}.Debug|Any CPU.Build.0 = Debug|Any CPU
		{4D8D6AE4-D112-482D-9884-78483CEB9EBC}.Release|Any CPU.ActiveCfg = Release|Any CPU
		{4D8D6AE4-D112-482D-9884-78483CEB9EBC}.Release|Any CPU.Build.0 = Release|Any CPU
		{A5CA3FB5-D34B-473C-AEC3-2CD93CB77472}.Debug|Any CPU.ActiveCfg = Debug|Any CPU
		{A5CA3FB5-D34B-473C-AEC3-2CD93CB77472}.Debug|Any CPU.Build.0 = Debug|Any CPU
		{A5CA3FB5-D34B-473C-AEC3-2CD93CB77472}.Release|Any CPU.ActiveCfg = Release|Any CPU
		{A5CA3FB5-D34B-473C-AEC3-2CD93CB77472}.Release|Any CPU.Build.0 = Release|Any CPU
		{0F805936-EB50-401D-8F9C-54F99638A75E}.Debug|Any CPU.ActiveCfg = Debug|Any CPU
		{0F805936-EB50-401D-8F9C-54F99638A75E}.Debug|Any CPU.Build.0 = Debug|Any CPU
		{0F805936-EB50-401D-8F9C-54F99638A75E}.Release|Any CPU.ActiveCfg = Release|Any CPU
		{0F805936-EB50-401D-8F9C-54F99638A75E}.Release|Any CPU.Build.0 = Release|Any CPU
		{ED013BDC-2E97-4050-8A4E-8E2DE951233C}.Debug|Any CPU.ActiveCfg = Debug|Any CPU
		{ED013BDC-2E97-4050-8A4E-8E2DE951233C}.Debug|Any CPU.Build.0 = Debug|Any CPU
		{ED013BDC-2E97-4050-8A4E-8E2DE951233C}.Release|Any CPU.ActiveCfg = Release|Any CPU
		{ED013BDC-2E97-4050-8A4E-8E2DE951233C}.Release|Any CPU.Build.0 = Release|Any CPU
		{48C3C988-0139-44AD-80CF-29138BA55F7B}.Debug|Any CPU.ActiveCfg = Debug|Any CPU
		{48C3C988-0139-44AD-80CF-29138BA55F7B}.Debug|Any CPU.Build.0 = Debug|Any CPU
		{48C3C988-0139-44AD-80CF-29138BA55F7B}.Release|Any CPU.ActiveCfg = Release|Any CPU
		{48C3C988-0139-44AD-80CF-29138BA55F7B}.Release|Any CPU.Build.0 = Release|Any CPU
	EndGlobalSection
	GlobalSection(SolutionProperties) = preSolution
		HideSolutionNode = FALSE
	EndGlobalSection
	GlobalSection(NestedProjects) = preSolution
		{48C3C988-0139-44AD-80CF-29138BA55F7B} = {1B6FDD18-346A-4B07-B24A-F171AC5AA6E6}
	EndGlobalSection
	GlobalSection(ExtensibilityGlobals) = postSolution
		SolutionGuid = {82BCC6A2-5457-405F-AE18-C71F18C309AA}
	EndGlobalSection
EndGlobal
